
Microsoft Visual Studio Solution File, Format Version 12.00
# Visual Studio 2012
Project("{FAE04EC0-301F-11D3-BF4B-00C04F79EFBC}") = "SystemPlanning", "SystemPlanning\SystemPlanning.csproj", "{4961AB6A-B00C-4B52-A960-CCD76BA2CAAF}"
EndProject
Global
	GlobalSection(SolutionConfigurationPlatforms) = preSolution
		Debug|Any CPU = Debug|Any CPU
		Release|Any CPU = Release|Any CPU
	EndGlobalSection
	GlobalSection(ProjectConfigurationPlatforms) = postSolution
		{4961AB6A-B00C-4B52-A960-CCD76BA2CAAF}.Debug|Any CPU.ActiveCfg = Debug|Any CPU
		{4961AB6A-B00C-4B52-A960-CCD76BA2CAAF}.Debug|Any CPU.Build.0 = Debug|Any CPU
		{4961AB6A-B00C-4B52-A960-CCD76BA2CAAF}.Release|Any CPU.ActiveCfg = Release|Any CPU
		{4961AB6A-B00C-4B52-A960-CCD76BA2CAAF}.Release|Any CPU.Build.0 = Release|Any CPU
	EndGlobalSection
EndGlobal
